// !$*UTF8*$!
{
	archiveVersion = 1;
	classes = {
	};
	objectVersion = 56;
	objects = {

/* Begin PBXBuildFile section */
		B12E29C32CA8570400026C2C /* petRecogniser.mlmodel in Sources */ = {isa = PBXBuildFile; fileRef = B12E29C22CA8570400026C2C /* petRecogniser.mlmodel */; };
		B14AF71A2CA8073200E1A96B /* AppDelegate.swift in Sources */ = {isa = PBXBuildFile; fileRef = B14AF7192CA8073200E1A96B /* AppDelegate.swift */; };
		B14AF71C2CA8073200E1A96B /* SceneDelegate.swift in Sources */ = {isa = PBXBuildFile; fileRef = B14AF71B2CA8073200E1A96B /* SceneDelegate.swift */; };
		B14AF71E2CA8073200E1A96B /* ViewController.swift in Sources */ = {isa = PBXBuildFile; fileRef = B14AF71D2CA8073200E1A96B /* ViewController.swift */; };
		B14AF7212CA8073200E1A96B /* Base in Resources */ = {isa = PBXBuildFile; fileRef = B14AF7202CA8073200E1A96B /* Base */; };
		B14AF7232CA8073400E1A96B /* Assets.xcassets in Resources */ = {isa = PBXBuildFile; fileRef = B14AF7222CA8073400E1A96B /* Assets.xcassets */; };
		B14AF7262CA8073400E1A96B /* Base in Resources */ = {isa = PBXBuildFile; fileRef = B14AF7252CA8073400E1A96B /* Base */; };
/* End PBXBuildFile section */

/* Begin PBXFileReference section */
		B12E29C22CA8570400026C2C /* petRecogniser.mlmodel */ = {isa = PBXFileReference; lastKnownFileType = file.mlmodel; path = petRecogniser.mlmodel; sourceTree = "<group>"; };
		B14AF7162CA8073200E1A96B /* PetImageRecognisation.app */ = {isa = PBXFileReference; explicitFileType = wrapper.application; includeInIndex = 0; path = PetImageRecognisation.app; sourceTree = BUILT_PRODUCTS_DIR; };
		B14AF7192CA8073200E1A96B /* AppDelegate.swift */ = {isa = PBXFileReference; lastKnownFileType = sourcecode.swift; path = AppDelegate.swift; sourceTree = "<group>"; };
		B14AF71B2CA8073200E1A96B /* SceneDelegate.swift */ = {isa = PBXFileReference; lastKnownFileType = sourcecode.swift; path = SceneDelegate.swift; sourceTree = "<group>"; };
		B14AF71D2CA8073200E1A96B /* ViewController.swift */ = {isa = PBXFileReference; lastKnownFileType = sourcecode.swift; path = ViewController.swift; sourceTree = "<group>"; };
		B14AF7202CA8073200E1A96B /* Base */ = {isa = PBXFileReference; lastKnownFileType = file.storyboard; name = Base; path = Base.lproj/Main.storyboard; sourceTree = "<group>"; };
		B14AF7222CA8073400E1A96B /* Assets.xcassets */ = {isa = PBXFileReference; lastKnownFileType = folder.assetcatalog; path = Assets.xcassets; sourceTree = "<group>"; };
		B14AF7252CA8073400E1A96B /* Base */ = {isa = PBXFileReference; lastKnownFileType = file.storyboard; name = Base; path = Base.lproj/LaunchScreen.storyboard; sourceTree = "<group>"; };
		B14AF7272CA8073400E1A96B /* Info.plist */ = {isa = PBXFileReference; lastKnownFileType = text.plist.xml; path = Info.plist; sourceTree = "<group>"; };
/* End PBXFileReference section */

/* Begin PBXFrameworksBuildPhase section */
		B14AF7132CA8073200E1A96B /* Frameworks */ = {
			isa = PBXFrameworksBuildPhase;
			buildActionMask = 2147483647;
			files = (
			);
			runOnlyForDeploymentPostprocessing = 0;
		};
/* End PBXFrameworksBuildPhase section */

/* Begin PBXGroup section */
		B14AF70D2CA8073200E1A96B = {
			isa = PBXGroup;
			children = (
				B14AF7182CA8073200E1A96B /* PetImageRecognisation */,
				B14AF7172CA8073200E1A96B /* Products */,
			);
			sourceTree = "<group>";
		};
		B14AF7172CA8073200E1A96B /* Products */ = {
			isa = PBXGroup;
			children = (
				B14AF7162CA8073200E1A96B /* PetImageRecognisation.app */,
			);
			name = Products;
			sourceTree = "<group>";
		};
		B14AF7182CA8073200E1A96B /* PetImageRecognisation */ = {
			isa = PBXGroup;
			children = (
				B12E29C22CA8570400026C2C /* petRecogniser.mlmodel */,
				B14AF7192CA8073200E1A96B /* AppDelegate.swift */,
				B14AF71B2CA8073200E1A96B /* SceneDelegate.swift */,
				B14AF71D2CA8073200E1A96B /* ViewController.swift */,
				B14AF71F2CA8073200E1A96B /* Main.storyboard */,
				B14AF7222CA8073400E1A96B /* Assets.xcassets */,
				B14AF7242CA8073400E1A96B /* LaunchScreen.storyboard */,
				B14AF7272CA8073400E1A96B /* Info.plist */,
			);
			path = PetImageRecognisation;
			sourceTree = "<group>";
		};
/* End PBXGroup section */

/* Begin PBXNativeTarget section */
		B14AF7152CA8073200E1A96B /* PetImageRecognisation */ = {
			isa = PBXNativeTarget;
			buildConfigurationList = B14AF72A2CA8073400E1A96B /* Build configuration list for PBXNativeTarget "PetImageRecognisation" */;
			buildPhases = (
				B14AF7122CA8073200E1A96B /* Sources */,
				B14AF7132CA8073200E1A96B /* Frameworks */,
				B14AF7142CA8073200E1A96B /* Resources */,
			);
			buildRules = (
			);
			dependencies = (
			);
			name = PetImageRecognisation;
			productName = PetImageRecognisation;
			productReference = B14AF7162CA8073200E1A96B /* PetImageRecognisation.app */;
			productType = "com.apple.product-type.application";
		};
/* End PBXNativeTarget section */

/* Begin PBXProject section */
		B14AF70E2CA8073200E1A96B /* Project object */ = {
			isa = PBXProject;
			attributes = {
				BuildIndependentTargetsInParallel = 1;
				LastSwiftUpdateCheck = 1540;
				LastUpgradeCheck = 1540;
				TargetAttributes = {
					B14AF7152CA8073200E1A96B = {
						CreatedOnToolsVersion = 15.4;
					};
				};
			};
			buildConfigurationList = B14AF7112CA8073200E1A96B /* Build configuration list for PBXProject "PetImageRecognisation" */;
			compatibilityVersion = "Xcode 14.0";
			developmentRegion = en;
			hasScannedForEncodings = 0;
			knownRegions = (
				en,
				Base,
			);
			mainGroup = B14AF70D2CA8073200E1A96B;
			productRefGroup = B14AF7172CA8073200E1A96B /* Products */;
			projectDirPath = "";
			projectRoot = "";
			targets = (
				B14AF7152CA8073200E1A96B /* PetImageRecognisation */,
			);
		};
/* End PBXProject section */

/* Begin PBXResourcesBuildPhase section */
		B14AF7142CA8073200E1A96B /* Resources */ = {
			isa = PBXResourcesBuildPhase;
			buildActionMask = 2147483647;
			files = (
				B14AF7232CA8073400E1A96B /* Assets.xcassets in Resources */,
				B14AF7262CA8073400E1A96B /* Base in Resources */,
				B14AF7212CA8073200E1A96B /* Base in Resources */,
			);
			runOnlyForDeploymentPostprocessing = 0;
		};
/* End PBXResourcesBuildPhase section */

/* Begin PBXSourcesBuildPhase section */
		B14AF7122CA8073200E1A96B /* Sources */ = {
			isa = PBXSourcesBuildPhase;
			buildActionMask = 2147483647;
			files = (
				B14AF71E2CA8073200E1A96B /* ViewController.swift in Sources */,
				B14AF71A2CA8073200E1A96B /* AppDelegate.swift in Sources */,
				B14AF71C2CA8073200E1A96B /* SceneDelegate.swift in Sources */,
				B12E29C32CA8570400026C2C /* petRecogniser.mlmodel in Sources */,
			);
			runOnlyForDeploymentPostprocessing = 0;
		};
/* End PBXSourcesBuildPhase section */

/* Begin PBXVariantGroup section */
		B14AF71F2CA8073200E1A96B /* Main.storyboard */ = {
			isa = PBXVariantGroup;
			children = (
				B14AF7202CA8073200E1A96B /* Base */,
			);
			name = Main.storyboard;
			sourceTree = "<group>";
		};
		B14AF7242CA8073400E1A96B /* LaunchScreen.storyboard */ = {
			isa = PBXVariantGroup;
			children = (
				B14AF7252CA8073400E1A96B /* Base */,
			);
			name = LaunchScreen.storyboard;
			sourceTree = "<group>";
		};
/* End PBXVariantGroup section */

/* Begin XCBuildConfiguration section */
		B14AF7282CA8073400E1A96B /* Debug */ = {
			isa = XCBuildConfiguration;
			buildSettings = {
				ALWAYS_SEARCH_USER_PATHS = NO;
				ASSETCATALOG_COMPILER_GENERATE_SWIFT_ASSET_SYMBOL_EXTENSIONS = YES;
				CLANG_ANALYZER_NONNULL = YES;
				CLANG_ANALYZER_NUMBER_OBJECT_CONVERSION = YES_AGGRESSIVE;
				CLANG_CXX_LANGUAGE_STANDARD = "gnu++20";
				CLANG_ENABLE_MODULES = YES;
				CLANG_ENABLE_OBJC_ARC = YES;
				CLANG_ENABLE_OBJC_WEAK = YES;
				CLANG_WARN_BLOCK_CAPTURE_AUTORELEASING = YES;
				CLANG_WARN_BOOL_CONVERSION = YES;
				CLANG_WARN_COMMA = YES;
				CLANG_WARN_CONSTANT_CONVERSION = YES;
				CLANG_WARN_DEPRECATED_OBJC_IMPLEMENTATIONS = YES;
				CLANG_WARN_DIRECT_OBJC_ISA_USAGE = YES_ERROR;
				CLANG_WARN_DOCUMENTATION_COMMENTS = YES;
				CLANG_WARN_EMPTY_BODY = YES;
				CLANG_WARN_ENUM_CONVERSION = YES;
				CLANG_WARN_INFINITE_RECURSION = YES;
				CLANG_WARN_INT_CONVERSION = YES;
				CLANG_WARN_NON_LITERAL_NULL_CONVERSION = YES;
				CLANG_WARN_OBJC_IMPLICIT_RETAIN_SELF = YES;
				CLANG_WARN_OBJC_LITERAL_CONVERSION = YES;
				CLANG_WARN_OBJC_ROOT_CLASS = YES_ERROR;
				CLANG_WARN_QUOTED_INCLUDE_IN_FRAMEWORK_HEADER = YES;
				CLANG_WARN_RANGE_LOOP_ANALYSIS = YES;
				CLANG_WARN_STRICT_PROTOTYPES = YES;
				CLANG_WARN_SUSPICIOUS_MOVE = YES;
				CLANG_WARN_UNGUARDED_AVAILABILITY = YES_AGGRESSIVE;
				CLANG_WARN_UNREACHABLE_CODE = YES;
				CLANG_WARN__DUPLICATE_METHOD_MATCH = YES;
				COPY_PHASE_STRIP = NO;
				DEBUG_INFORMATION_FORMAT = dwarf;
				ENABLE_STRICT_OBJC_MSGSEND = YES;
				ENABLE_TESTABILITY = YES;
				ENABLE_USER_SCRIPT_SANDBOXING = YES;
				GCC_C_LANGUAGE_STANDARD = gnu17;
				GCC_DYNAMIC_NO_PIC = NO;
				GCC_NO_COMMON_BLOCKS = YES;
				GCC_OPTIMIZATION_LEVEL = 0;
				GCC_PREPROCESSOR_DEFINITIONS = (
					"DEBUG=1",
					"$(inherited)",
				);
				GCC_WARN_64_TO_32_BIT_CONVERSION = YES;
				GCC_WARN_ABOUT_RETURN_TYPE = YES_ERROR;
				GCC_WARN_UNDECLARED_SELECTOR = YES;
				GCC_WARN_UNINITIALIZED_AUTOS = YES_AGGRESSIVE;
				GCC_WARN_UNUSED_FUNCTION = YES;
				GCC_WARN_UNUSED_VARIABLE = YES;
				IPHONEOS_DEPLOYMENT_TARGET = 16.6;
				LOCALIZATION_PREFERS_STRING_CATALOGS = YES;
				MTL_ENABLE_DEBUG_INFO = INCLUDE_SOURCE;
				MTL_FAST_MATH = YES;
				ONLY_ACTIVE_ARCH = YES;
				SDKROOT = iphoneos;
				SWIFT_ACTIVE_COMPILATION_CONDITIONS = "DEBUG $(inherited)";
				SWIFT_OPTIMIZATION_LEVEL = "-Onone";
			};
			name = Debug;
		};
		B14AF7292CA8073400E1A96B /* Release */ = {
			isa = XCBuildConfiguration;
			buildSettings = {
				ALWAYS_SEARCH_USER_PATHS = NO;
				ASSETCATALOG_COMPILER_GENERATE_SWIFT_ASSET_SYMBOL_EXTENSIONS = YES;
				CLANG_ANALYZER_NONNULL = YES;
				CLANG_ANALYZER_NUMBER_OBJECT_CONVERSION = YES_AGGRESSIVE;
				CLANG_CXX_LANGUAGE_STANDARD = "gnu++20";
				CLANG_ENABLE_MODULES = YES;
				CLANG_ENABLE_OBJC_ARC = YES;
				CLANG_ENABLE_OBJC_WEAK = YES;
				CLANG_WARN_BLOCK_CAPTURE_AUTORELEASING = YES;
				CLANG_WARN_BOOL_CONVERSION = YES;
				CLANG_WARN_COMMA = YES;
				CLANG_WARN_CONSTANT_CONVERSION = YES;
				CLANG_WARN_DEPRECATED_OBJC_IMPLEMENTATIONS = YES;
				CLANG_WARN_DIRECT_OBJC_ISA_USAGE = YES_ERROR;
				CLANG_WARN_DOCUMENTATION_COMMENTS = YES;
				CLANG_WARN_EMPTY_BODY = YES;
				CLANG_WARN_ENUM_CONVERSION = YES;
				CLANG_WARN_INFINITE_RECURSION = YES;
				CLANG_WARN_INT_CONVERSION = YES;
				CLANG_WARN_NON_LITERAL_NULL_CONVERSION = YES;
				CLANG_WARN_OBJC_IMPLICIT_RETAIN_SELF = YES;
				CLANG_WARN_OBJC_LITERAL_CONVERSION = YES;
				CLANG_WARN_OBJC_ROOT_CLASS = YES_ERROR;
				CLANG_WARN_QUOTED_INCLUDE_IN_FRAMEWORK_HEADER = YES;
				CLANG_WARN_RANGE_LOOP_ANALYSIS = YES;
				CLANG_WARN_STRICT_PROTOTYPES = YES;
				CLANG_WARN_SUSPICIOUS_MOVE = YES;
				CLANG_WARN_UNGUARDED_AVAILABILITY = YES_AGGRESSIVE;
				CLANG_WARN_UNREACHABLE_CODE = YES;
				CLANG_WARN__DUPLICATE_METHOD_MATCH = YES;
				COPY_PHASE_STRIP = NO;
				DEBUG_INFORMATION_FORMAT = "dwarf-with-dsym";
				ENABLE_NS_ASSERTIONS = NO;
				ENABLE_STRICT_OBJC_MSGSEND = YES;
				ENABLE_USER_SCRIPT_SANDBOXING = YES;
				GCC_C_LANGUAGE_STANDARD = gnu17;
				GCC_NO_COMMON_BLOCKS = YES;
				GCC_WARN_64_TO_32_BIT_CONVERSION = YES;
				GCC_WARN_ABOUT_RETURN_TYPE = YES_ERROR;
				GCC_WARN_UNDECLARED_SELECTOR = YES;
				GCC_WARN_UNINITIALIZED_AUTOS = YES_AGGRESSIVE;
				GCC_WARN_UNUSED_FUNCTION = YES;
				GCC_WARN_UNUSED_VARIABLE = YES;
				IPHONEOS_DEPLOYMENT_TARGET = 16.6;
				LOCALIZATION_PREFERS_STRING_CATALOGS = YES;
				MTL_ENABLE_DEBUG_INFO = NO;
				MTL_FAST_MATH = YES;
				SDKROOT = iphoneos;
				SWIFT_COMPILATION_MODE = wholemodule;
				VALIDATE_PRODUCT = YES;
			};
			name = Release;
		};
		B14AF72B2CA8073400E1A96B /* Debug */ = {
			isa = XCBuildConfiguration;
			buildSettings = {
				ASSETCATALOG_COMPILER_APPICON_NAME = AppIcon;
				ASSETCATALOG_COMPILER_GLOBAL_ACCENT_COLOR_NAME = AccentColor;
				CODE_SIGN_STYLE = Automatic;
				CURRENT_PROJECT_VERSION = 1;
				DEVELOPMENT_TEAM = XB8V8GBU8W;
				GENERATE_INFOPLIST_FILE = YES;
				INFOPLIST_FILE = PetImageRecognisation/Info.plist;
				INFOPLIST_KEY_UIApplicationSupportsIndirectInputEvents = YES;
				INFOPLIST_KEY_UILaunchStoryboardName = LaunchScreen;
				INFOPLIST_KEY_UIMainStoryboardFile = Main;
				INFOPLIST_KEY_UISupportedInterfaceOrientations_iPad = "UIInterfaceOrientationPortrait UIInterfaceOrientationPortraitUpsideDown UIInterfaceOrientationLandscapeLeft UIInterfaceOrientationLandscapeRight";
				INFOPLIST_KEY_UISupportedInterfaceOrientations_iPhone = "UIInterfaceOrientationPortrait UIInterfaceOrientationLandscapeLeft UIInterfaceOrientationLandscapeRight";
				IPHONEOS_DEPLOYMENT_TARGET = 16.6;
				LD_RUNPATH_SEARCH_PATHS = (
					"$(inherited)",
					"@executable_path/Frameworks",
				);
				MARKETING_VERSION = 1.0;
				PRODUCT_BUNDLE_IDENTIFIER = darsh.WhatFlower;
				PRODUCT_NAME = "$(TARGET_NAME)";
				SWIFT_EMIT_LOC_STRINGS = YES;
				SWIFT_VERSION = 5.0;
				TARGETED_DEVICE_FAMILY = "1,2";
			};
			name = Debug;
		};
		B14AF72C2CA8073400E1A96B /* Release */ = {
			isa = XCBuildConfiguration;
			buildSettings = {
				ASSETCATALOG_COMPILER_APPICON_NAME = AppIcon;
				ASSETCATALOG_COMPILER_GLOBAL_ACCENT_COLOR_NAME = AccentColor;
				CODE_SIGN_STYLE = Automatic;
				CURRENT_PROJECT_VERSION = 1;
				DEVELOPMENT_TEAM = XB8V8GBU8W;
				GENERATE_INFOPLIST_FILE = YES;
				INFOPLIST_FILE = PetImageRecognisation/Info.plist;
				INFOPLIST_KEY_UIApplicationSupportsIndirectInputEvents = YES;
				INFOPLIST_KEY_UILaunchStoryboardName = LaunchScreen;
				INFOPLIST_KEY_UIMainStoryboardFile = Main;
				INFOPLIST_KEY_UISupportedInterfaceOrientations_iPad = "UIInterfaceOrientationPortrait UIInterfaceOrientationPortraitUpsideDown UIInterfaceOrientationLandscapeLeft UIInterfaceOrientationLandscapeRight";
				INFOPLIST_KEY_UISupportedInterfaceOrientations_iPhone = "UIInterfaceOrientationPortrait UIInterfaceOrientationLandscapeLeft UIInterfaceOrientationLandscapeRight";
				IPHONEOS_DEPLOYMENT_TARGET = 16.6;
				LD_RUNPATH_SEARCH_PATHS = (
					"$(inherited)",
					"@executable_path/Frameworks",
				);
				MARKETING_VERSION = 1.0;
				PRODUCT_BUNDLE_IDENTIFIER = darsh.WhatFlower;
				PRODUCT_NAME = "$(TARGET_NAME)";
				SWIFT_EMIT_LOC_STRINGS = YES;
				SWIFT_VERSION = 5.0;
				TARGETED_DEVICE_FAMILY = "1,2";
			};
			name = Release;
		};
/* End XCBuildConfiguration section */

/* Begin XCConfigurationList section */
		B14AF7112CA8073200E1A96B /* Build configuration list for PBXProject "PetImageRecognisation" */ = {
			isa = XCConfigurationList;
			buildConfigurations = (
				B14AF7282CA8073400E1A96B /* Debug */,
				B14AF7292CA8073400E1A96B /* Release */,
			);
			defaultConfigurationIsVisible = 0;
			defaultConfigurationName = Release;
		};
		B14AF72A2CA8073400E1A96B /* Build configuration list for PBXNativeTarget "PetImageRecognisation" */ = {
			isa = XCConfigurationList;
			buildConfigurations = (
				B14AF72B2CA8073400E1A96B /* Debug */,
				B14AF72C2CA8073400E1A96B /* Release */,
			);
			defaultConfigurationIsVisible = 0;
			defaultConfigurationName = Release;
		};
/* End XCConfigurationList section */
	};
	rootObject = B14AF70E2CA8073200E1A96B /* Project object */;
}
